// !$*UTF8*$!
{
	archiveVersion = 1;
	classes = {
	};
	objectVersion = 46;
	objects = {

/* Begin PBXBuildFile section */
		55EE76D025235A8800E81EB6 /* UIColor+Swissors.swift in Sources */ = {isa = PBXBuildFile; fileRef = 55EE76B425235A8700E81EB6 /* UIColor+Swissors.swift */; };
		55EE76D125235A8800E81EB6 /* Collection+Swissors.swift in Sources */ = {isa = PBXBuildFile; fileRef = 55EE76B525235A8700E81EB6 /* Collection+Swissors.swift */; };
		55EE76D225235A8800E81EB6 /* UIViewAutoresizing+Swissors.swift in Sources */ = {isa = PBXBuildFile; fileRef = 55EE76B625235A8700E81EB6 /* UIViewAutoresizing+Swissors.swift */; };
		55EE76D325235A8800E81EB6 /* Comparable + Swissors.swift in Sources */ = {isa = PBXBuildFile; fileRef = 55EE76B725235A8700E81EB6 /* Comparable + Swissors.swift */; };
		55EE76D425235A8800E81EB6 /* NSLayoutConstraint+Swissors.swift in Sources */ = {isa = PBXBuildFile; fileRef = 55EE76B825235A8700E81EB6 /* NSLayoutConstraint+Swissors.swift */; };
		55EE76D525235A8800E81EB6 /* NSError+Swissors.swift in Sources */ = {isa = PBXBuildFile; fileRef = 55EE76B925235A8700E81EB6 /* NSError+Swissors.swift */; };
		55EE76D625235A8800E81EB6 /* UIViewController+Swissors.swift in Sources */ = {isa = PBXBuildFile; fileRef = 55EE76BA25235A8700E81EB6 /* UIViewController+Swissors.swift */; };
		55EE76D725235A8800E81EB6 /* Bundle+Swissors.swift in Sources */ = {isa = PBXBuildFile; fileRef = 55EE76BB25235A8700E81EB6 /* Bundle+Swissors.swift */; };
		55EE76D825235A8800E81EB6 /* UINib+Swissors.swift in Sources */ = {isa = PBXBuildFile; fileRef = 55EE76BC25235A8700E81EB6 /* UINib+Swissors.swift */; };
		55EE76D925235A8800E81EB6 /* UITableView+Swissors.swift in Sources */ = {isa = PBXBuildFile; fileRef = 55EE76BD25235A8800E81EB6 /* UITableView+Swissors.swift */; };
		55EE76DA25235A8800E81EB6 /* BaseTypes+Swissors.swift in Sources */ = {isa = PBXBuildFile; fileRef = 55EE76BE25235A8800E81EB6 /* BaseTypes+Swissors.swift */; };
		55EE76DB25235A8800E81EB6 /* UIView+Swissors.swift in Sources */ = {isa = PBXBuildFile; fileRef = 55EE76BF25235A8800E81EB6 /* UIView+Swissors.swift */; };
		55EE76DC25235A8800E81EB6 /* UIApplication+Swissors.swift in Sources */ = {isa = PBXBuildFile; fileRef = 55EE76C025235A8800E81EB6 /* UIApplication+Swissors.swift */; };
		55EE76DD25235A8800E81EB6 /* UICollectionView+Swissors.swift in Sources */ = {isa = PBXBuildFile; fileRef = 55EE76C125235A8800E81EB6 /* UICollectionView+Swissors.swift */; };
		55EE76DE25235A8800E81EB6 /* Locale+Swissors.swift in Sources */ = {isa = PBXBuildFile; fileRef = 55EE76C225235A8800E81EB6 /* Locale+Swissors.swift */; };
		55EE76DF25235A8800E81EB6 /* NSRange+Swissors.swift in Sources */ = {isa = PBXBuildFile; fileRef = 55EE76C325235A8800E81EB6 /* NSRange+Swissors.swift */; };
		55EE76E025235A8800E81EB6 /* FileManager+Swissors.swift in Sources */ = {isa = PBXBuildFile; fileRef = 55EE76C425235A8800E81EB6 /* FileManager+Swissors.swift */; };
		55EE76E125235A8800E81EB6 /* Date+Swissors.swift in Sources */ = {isa = PBXBuildFile; fileRef = 55EE76C525235A8800E81EB6 /* Date+Swissors.swift */; };
		55EE76E225235A8800E81EB6 /* String+Swissors.swift in Sources */ = {isa = PBXBuildFile; fileRef = 55EE76C625235A8800E81EB6 /* String+Swissors.swift */; };
		55EE76E325235A8800E81EB6 /* DispatchQueue+Swissors.swift in Sources */ = {isa = PBXBuildFile; fileRef = 55EE76C725235A8800E81EB6 /* DispatchQueue+Swissors.swift */; };
		55EE76E425235A8800E81EB6 /* UIRectCorner+Swissors.swift in Sources */ = {isa = PBXBuildFile; fileRef = 55EE76C825235A8800E81EB6 /* UIRectCorner+Swissors.swift */; };
		55EE76E525235A8800E81EB6 /* UIWindow+Swissors.swift in Sources */ = {isa = PBXBuildFile; fileRef = 55EE76C925235A8800E81EB6 /* UIWindow+Swissors.swift */; };
		55EE76E625235A8800E81EB6 /* UIImage+Swissors.swift in Sources */ = {isa = PBXBuildFile; fileRef = 55EE76CA25235A8800E81EB6 /* UIImage+Swissors.swift */; };
		55EE76E725235A8800E81EB6 /* KeyboardObserver.swift in Sources */ = {isa = PBXBuildFile; fileRef = 55EE76CC25235A8800E81EB6 /* KeyboardObserver.swift */; };
		55EE76E825235A8800E81EB6 /* Throttler.swift in Sources */ = {isa = PBXBuildFile; fileRef = 55EE76CD25235A8800E81EB6 /* Throttler.swift */; };
		55EE76E925235A8800E81EB6 /* AttributedStringBuilder.swift in Sources */ = {isa = PBXBuildFile; fileRef = 55EE76CE25235A8800E81EB6 /* AttributedStringBuilder.swift */; };
		55EE76EA25235A8800E81EB6 /* Weak.swift in Sources */ = {isa = PBXBuildFile; fileRef = 55EE76CF25235A8800E81EB6 /* Weak.swift */; };
		FE9CB33A1D52138900928A9F /* Swissors.h in Headers */ = {isa = PBXBuildFile; fileRef = FE9CB3391D52138900928A9F /* Swissors.h */; settings = {ATTRIBUTES = (Public, ); }; };
/* End PBXBuildFile section */

/* Begin PBXFileReference section */
		115DF0F0233E48C20022A111 /* Swissors.podspec */ = {isa = PBXFileReference; fileEncoding = 4; lastKnownFileType = text; name = Swissors.podspec; path = ../Swissors.podspec; sourceTree = "<group>"; };
		55EE76B425235A8700E81EB6 /* UIColor+Swissors.swift */ = {isa = PBXFileReference; fileEncoding = 4; lastKnownFileType = sourcecode.swift; path = "UIColor+Swissors.swift"; sourceTree = "<group>"; };
		55EE76B525235A8700E81EB6 /* Collection+Swissors.swift */ = {isa = PBXFileReference; fileEncoding = 4; lastKnownFileType = sourcecode.swift; path = "Collection+Swissors.swift"; sourceTree = "<group>"; };
		55EE76B625235A8700E81EB6 /* UIViewAutoresizing+Swissors.swift */ = {isa = PBXFileReference; fileEncoding = 4; lastKnownFileType = sourcecode.swift; path = "UIViewAutoresizing+Swissors.swift"; sourceTree = "<group>"; };
		55EE76B725235A8700E81EB6 /* Comparable + Swissors.swift */ = {isa = PBXFileReference; fileEncoding = 4; lastKnownFileType = sourcecode.swift; path = "Comparable + Swissors.swift"; sourceTree = "<group>"; };
		55EE76B825235A8700E81EB6 /* NSLayoutConstraint+Swissors.swift */ = {isa = PBXFileReference; fileEncoding = 4; lastKnownFileType = sourcecode.swift; path = "NSLayoutConstraint+Swissors.swift"; sourceTree = "<group>"; };
		55EE76B925235A8700E81EB6 /* NSError+Swissors.swift */ = {isa = PBXFileReference; fileEncoding = 4; lastKnownFileType = sourcecode.swift; path = "NSError+Swissors.swift"; sourceTree = "<group>"; };
		55EE76BA25235A8700E81EB6 /* UIViewController+Swissors.swift */ = {isa = PBXFileReference; fileEncoding = 4; lastKnownFileType = sourcecode.swift; path = "UIViewController+Swissors.swift"; sourceTree = "<group>"; };
		55EE76BB25235A8700E81EB6 /* Bundle+Swissors.swift */ = {isa = PBXFileReference; fileEncoding = 4; lastKnownFileType = sourcecode.swift; path = "Bundle+Swissors.swift"; sourceTree = "<group>"; };
		55EE76BC25235A8700E81EB6 /* UINib+Swissors.swift */ = {isa = PBXFileReference; fileEncoding = 4; lastKnownFileType = sourcecode.swift; path = "UINib+Swissors.swift"; sourceTree = "<group>"; };
		55EE76BD25235A8800E81EB6 /* UITableView+Swissors.swift */ = {isa = PBXFileReference; fileEncoding = 4; lastKnownFileType = sourcecode.swift; path = "UITableView+Swissors.swift"; sourceTree = "<group>"; };
		55EE76BE25235A8800E81EB6 /* BaseTypes+Swissors.swift */ = {isa = PBXFileReference; fileEncoding = 4; lastKnownFileType = sourcecode.swift; path = "BaseTypes+Swissors.swift"; sourceTree = "<group>"; };
		55EE76BF25235A8800E81EB6 /* UIView+Swissors.swift */ = {isa = PBXFileReference; fileEncoding = 4; lastKnownFileType = sourcecode.swift; path = "UIView+Swissors.swift"; sourceTree = "<group>"; };
		55EE76C025235A8800E81EB6 /* UIApplication+Swissors.swift */ = {isa = PBXFileReference; fileEncoding = 4; lastKnownFileType = sourcecode.swift; path = "UIApplication+Swissors.swift"; sourceTree = "<group>"; };
		55EE76C125235A8800E81EB6 /* UICollectionView+Swissors.swift */ = {isa = PBXFileReference; fileEncoding = 4; lastKnownFileType = sourcecode.swift; path = "UICollectionView+Swissors.swift"; sourceTree = "<group>"; };
		55EE76C225235A8800E81EB6 /* Locale+Swissors.swift */ = {isa = PBXFileReference; fileEncoding = 4; lastKnownFileType = sourcecode.swift; path = "Locale+Swissors.swift"; sourceTree = "<group>"; };
		55EE76C325235A8800E81EB6 /* NSRange+Swissors.swift */ = {isa = PBXFileReference; fileEncoding = 4; lastKnownFileType = sourcecode.swift; path = "NSRange+Swissors.swift"; sourceTree = "<group>"; };
		55EE76C425235A8800E81EB6 /* FileManager+Swissors.swift */ = {isa = PBXFileReference; fileEncoding = 4; lastKnownFileType = sourcecode.swift; path = "FileManager+Swissors.swift"; sourceTree = "<group>"; };
		55EE76C525235A8800E81EB6 /* Date+Swissors.swift */ = {isa = PBXFileReference; fileEncoding = 4; lastKnownFileType = sourcecode.swift; path = "Date+Swissors.swift"; sourceTree = "<group>"; };
		55EE76C625235A8800E81EB6 /* String+Swissors.swift */ = {isa = PBXFileReference; fileEncoding = 4; lastKnownFileType = sourcecode.swift; path = "String+Swissors.swift"; sourceTree = "<group>"; };
		55EE76C725235A8800E81EB6 /* DispatchQueue+Swissors.swift */ = {isa = PBXFileReference; fileEncoding = 4; lastKnownFileType = sourcecode.swift; path = "DispatchQueue+Swissors.swift"; sourceTree = "<group>"; };
		55EE76C825235A8800E81EB6 /* UIRectCorner+Swissors.swift */ = {isa = PBXFileReference; fileEncoding = 4; lastKnownFileType = sourcecode.swift; path = "UIRectCorner+Swissors.swift"; sourceTree = "<group>"; };
		55EE76C925235A8800E81EB6 /* UIWindow+Swissors.swift */ = {isa = PBXFileReference; fileEncoding = 4; lastKnownFileType = sourcecode.swift; path = "UIWindow+Swissors.swift"; sourceTree = "<group>"; };
		55EE76CA25235A8800E81EB6 /* UIImage+Swissors.swift */ = {isa = PBXFileReference; fileEncoding = 4; lastKnownFileType = sourcecode.swift; path = "UIImage+Swissors.swift"; sourceTree = "<group>"; };
		55EE76CC25235A8800E81EB6 /* KeyboardObserver.swift */ = {isa = PBXFileReference; fileEncoding = 4; lastKnownFileType = sourcecode.swift; path = KeyboardObserver.swift; sourceTree = "<group>"; };
		55EE76CD25235A8800E81EB6 /* Throttler.swift */ = {isa = PBXFileReference; fileEncoding = 4; lastKnownFileType = sourcecode.swift; path = Throttler.swift; sourceTree = "<group>"; };
		55EE76CE25235A8800E81EB6 /* AttributedStringBuilder.swift */ = {isa = PBXFileReference; fileEncoding = 4; lastKnownFileType = sourcecode.swift; path = AttributedStringBuilder.swift; sourceTree = "<group>"; };
		55EE76CF25235A8800E81EB6 /* Weak.swift */ = {isa = PBXFileReference; fileEncoding = 4; lastKnownFileType = sourcecode.swift; path = Weak.swift; sourceTree = "<group>"; };
		FE9CB3361D52138900928A9F /* Swissors.framework */ = {isa = PBXFileReference; explicitFileType = wrapper.framework; includeInIndex = 0; path = Swissors.framework; sourceTree = BUILT_PRODUCTS_DIR; };
		FE9CB3391D52138900928A9F /* Swissors.h */ = {isa = PBXFileReference; lastKnownFileType = sourcecode.c.h; path = Swissors.h; sourceTree = "<group>"; };
		FE9CB33B1D52138900928A9F /* Info.plist */ = {isa = PBXFileReference; lastKnownFileType = text.plist.xml; path = Info.plist; sourceTree = "<group>"; };
/* End PBXFileReference section */

/* Begin PBXFrameworksBuildPhase section */
		FE9CB3321D52138900928A9F /* Frameworks */ = {
			isa = PBXFrameworksBuildPhase;
			buildActionMask = 2147483647;
			files = (
			);
			runOnlyForDeploymentPostprocessing = 0;
		};
/* End PBXFrameworksBuildPhase section */

/* Begin PBXGroup section */
		55EE76AF2523597E00E81EB6 /* Sources */ = {
			isa = PBXGroup;
			children = (
				55EE76B02523599800E81EB6 /* SwissorsPackage */,
			);
			path = Sources;
			sourceTree = "<group>";
		};
		55EE76B02523599800E81EB6 /* SwissorsPackage */ = {
			isa = PBXGroup;
			children = (
				55EE76B325235A8700E81EB6 /* Extensions */,
				55EE76CB25235A8800E81EB6 /* Types */,
				FE9CB3391D52138900928A9F /* Swissors.h */,
				FE9CB33B1D52138900928A9F /* Info.plist */,
			);
			path = SwissorsPackage;
			sourceTree = "<group>";
		};
		55EE76B1252359BF00E81EB6 /* Tests */ = {
			isa = PBXGroup;
			children = (
				55EE76B2252359D100E81EB6 /* SwissorsTests */,
			);
			path = Tests;
			sourceTree = "<group>";
		};
		55EE76B2252359D100E81EB6 /* SwissorsTests */ = {
			isa = PBXGroup;
			children = (
			);
			path = SwissorsTests;
			sourceTree = "<group>";
		};
		55EE76B325235A8700E81EB6 /* Extensions */ = {
			isa = PBXGroup;
			children = (
				55EE76B425235A8700E81EB6 /* UIColor+Swissors.swift */,
				55EE76B525235A8700E81EB6 /* Collection+Swissors.swift */,
				55EE76B625235A8700E81EB6 /* UIViewAutoresizing+Swissors.swift */,
				55EE76B725235A8700E81EB6 /* Comparable + Swissors.swift */,
				55EE76B825235A8700E81EB6 /* NSLayoutConstraint+Swissors.swift */,
				55EE76B925235A8700E81EB6 /* NSError+Swissors.swift */,
				55EE76BA25235A8700E81EB6 /* UIViewController+Swissors.swift */,
				55EE76BB25235A8700E81EB6 /* Bundle+Swissors.swift */,
				55EE76BC25235A8700E81EB6 /* UINib+Swissors.swift */,
				55EE76BD25235A8800E81EB6 /* UITableView+Swissors.swift */,
				55EE76BE25235A8800E81EB6 /* BaseTypes+Swissors.swift */,
				55EE76BF25235A8800E81EB6 /* UIView+Swissors.swift */,
				55EE76C025235A8800E81EB6 /* UIApplication+Swissors.swift */,
				55EE76C125235A8800E81EB6 /* UICollectionView+Swissors.swift */,
				55EE76C225235A8800E81EB6 /* Locale+Swissors.swift */,
				55EE76C325235A8800E81EB6 /* NSRange+Swissors.swift */,
				55EE76C425235A8800E81EB6 /* FileManager+Swissors.swift */,
				55EE76C525235A8800E81EB6 /* Date+Swissors.swift */,
				55EE76C625235A8800E81EB6 /* String+Swissors.swift */,
				55EE76C725235A8800E81EB6 /* DispatchQueue+Swissors.swift */,
				55EE76C825235A8800E81EB6 /* UIRectCorner+Swissors.swift */,
				55EE76C925235A8800E81EB6 /* UIWindow+Swissors.swift */,
				55EE76CA25235A8800E81EB6 /* UIImage+Swissors.swift */,
			);
			path = Extensions;
			sourceTree = "<group>";
		};
		55EE76CB25235A8800E81EB6 /* Types */ = {
			isa = PBXGroup;
			children = (
				55EE76CC25235A8800E81EB6 /* KeyboardObserver.swift */,
				55EE76CD25235A8800E81EB6 /* Throttler.swift */,
				55EE76CE25235A8800E81EB6 /* AttributedStringBuilder.swift */,
				55EE76CF25235A8800E81EB6 /* Weak.swift */,
			);
			path = Types;
			sourceTree = "<group>";
		};
		FE9CB32C1D52138900928A9F = {
			isa = PBXGroup;
			children = (
				55EE76B1252359BF00E81EB6 /* Tests */,
				55EE76AF2523597E00E81EB6 /* Sources */,
				FE9CB3371D52138900928A9F /* Products */,
				115DF0F0233E48C20022A111 /* Swissors.podspec */,
			);
			sourceTree = "<group>";
		};
		FE9CB3371D52138900928A9F /* Products */ = {
			isa = PBXGroup;
			children = (
				FE9CB3361D52138900928A9F /* Swissors.framework */,
			);
			name = Products;
			sourceTree = "<group>";
		};
/* End PBXGroup section */

/* Begin PBXHeadersBuildPhase section */
		FE9CB3331D52138900928A9F /* Headers */ = {
			isa = PBXHeadersBuildPhase;
			buildActionMask = 2147483647;
			files = (
				FE9CB33A1D52138900928A9F /* Swissors.h in Headers */,
			);
			runOnlyForDeploymentPostprocessing = 0;
		};
/* End PBXHeadersBuildPhase section */

/* Begin PBXNativeTarget section */
		FE9CB3351D52138900928A9F /* Swissors */ = {
			isa = PBXNativeTarget;
			buildConfigurationList = FE9CB34A1D52138900928A9F /* Build configuration list for PBXNativeTarget "Swissors" */;
			buildPhases = (
				FE9CB3311D52138900928A9F /* Sources */,
				FE9CB3321D52138900928A9F /* Frameworks */,
				FE9CB3331D52138900928A9F /* Headers */,
				FE9CB3341D52138900928A9F /* Resources */,
			);
			buildRules = (
			);
			dependencies = (
			);
			name = Swissors;
			productName = Swissors;
			productReference = FE9CB3361D52138900928A9F /* Swissors.framework */;
			productType = "com.apple.product-type.framework";
		};
/* End PBXNativeTarget section */

/* Begin PBXProject section */
		FE9CB32D1D52138900928A9F /* Project object */ = {
			isa = PBXProject;
			attributes = {
				LastSwiftUpdateCheck = 0730;
				LastUpgradeCheck = 1020;
				ORGANIZATIONNAME = "e-Legion";
				TargetAttributes = {
					FE9CB3351D52138900928A9F = {
						CreatedOnToolsVersion = 7.3.1;
						LastSwiftMigration = 1020;
					};
				};
			};
			buildConfigurationList = FE9CB3301D52138900928A9F /* Build configuration list for PBXProject "Swissors" */;
			compatibilityVersion = "Xcode 3.2";
			developmentRegion = en;
			hasScannedForEncodings = 0;
			knownRegions = (
				en,
				Base,
			);
			mainGroup = FE9CB32C1D52138900928A9F;
			productRefGroup = FE9CB3371D52138900928A9F /* Products */;
			projectDirPath = "";
			projectRoot = "";
			targets = (
				FE9CB3351D52138900928A9F /* Swissors */,
			);
		};
/* End PBXProject section */

/* Begin PBXResourcesBuildPhase section */
		FE9CB3341D52138900928A9F /* Resources */ = {
			isa = PBXResourcesBuildPhase;
			buildActionMask = 2147483647;
			files = (
			);
			runOnlyForDeploymentPostprocessing = 0;
		};
/* End PBXResourcesBuildPhase section */

/* Begin PBXSourcesBuildPhase section */
		FE9CB3311D52138900928A9F /* Sources */ = {
			isa = PBXSourcesBuildPhase;
			buildActionMask = 2147483647;
			files = (
				55EE76E525235A8800E81EB6 /* UIWindow+Swissors.swift in Sources */,
				55EE76E025235A8800E81EB6 /* FileManager+Swissors.swift in Sources */,
				55EE76DA25235A8800E81EB6 /* BaseTypes+Swissors.swift in Sources */,
				55EE76DC25235A8800E81EB6 /* UIApplication+Swissors.swift in Sources */,
				55EE76D525235A8800E81EB6 /* NSError+Swissors.swift in Sources */,
				55EE76EA25235A8800E81EB6 /* Weak.swift in Sources */,
				55EE76E225235A8800E81EB6 /* String+Swissors.swift in Sources */,
				55EE76D325235A8800E81EB6 /* Comparable + Swissors.swift in Sources */,
				55EE76D725235A8800E81EB6 /* Bundle+Swissors.swift in Sources */,
				55EE76E125235A8800E81EB6 /* Date+Swissors.swift in Sources */,
				55EE76E325235A8800E81EB6 /* DispatchQueue+Swissors.swift in Sources */,
				55EE76E925235A8800E81EB6 /* AttributedStringBuilder.swift in Sources */,
				55EE76E725235A8800E81EB6 /* KeyboardObserver.swift in Sources */,
				55EE76DD25235A8800E81EB6 /* UICollectionView+Swissors.swift in Sources */,
				55EE76D125235A8800E81EB6 /* Collection+Swissors.swift in Sources */,
				55EE76DF25235A8800E81EB6 /* NSRange+Swissors.swift in Sources */,
				55EE76DB25235A8800E81EB6 /* UIView+Swissors.swift in Sources */,
				55EE76D925235A8800E81EB6 /* UITableView+Swissors.swift in Sources */,
				55EE76E825235A8800E81EB6 /* Throttler.swift in Sources */,
				55EE76D625235A8800E81EB6 /* UIViewController+Swissors.swift in Sources */,
				55EE76D825235A8800E81EB6 /* UINib+Swissors.swift in Sources */,
				55EE76D025235A8800E81EB6 /* UIColor+Swissors.swift in Sources */,
				55EE76DE25235A8800E81EB6 /* Locale+Swissors.swift in Sources */,
				55EE76E625235A8800E81EB6 /* UIImage+Swissors.swift in Sources */,
				55EE76D425235A8800E81EB6 /* NSLayoutConstraint+Swissors.swift in Sources */,
				55EE76E425235A8800E81EB6 /* UIRectCorner+Swissors.swift in Sources */,
				55EE76D225235A8800E81EB6 /* UIViewAutoresizing+Swissors.swift in Sources */,
			);
			runOnlyForDeploymentPostprocessing = 0;
		};
/* End PBXSourcesBuildPhase section */

/* Begin XCBuildConfiguration section */
		FE9CB3481D52138900928A9F /* Debug */ = {
			isa = XCBuildConfiguration;
			buildSettings = {
				ALWAYS_SEARCH_USER_PATHS = NO;
				CLANG_ANALYZER_LOCALIZABILITY_NONLOCALIZED = YES;
				CLANG_ANALYZER_NONNULL = YES;
				CLANG_CXX_LANGUAGE_STANDARD = "gnu++0x";
				CLANG_CXX_LIBRARY = "libc++";
				CLANG_ENABLE_MODULES = YES;
				CLANG_ENABLE_OBJC_ARC = YES;
				CLANG_WARN_BLOCK_CAPTURE_AUTORELEASING = YES;
				CLANG_WARN_BOOL_CONVERSION = YES;
				CLANG_WARN_COMMA = YES;
				CLANG_WARN_CONSTANT_CONVERSION = YES;
				CLANG_WARN_DEPRECATED_OBJC_IMPLEMENTATIONS = YES;
				CLANG_WARN_DIRECT_OBJC_ISA_USAGE = YES_ERROR;
				CLANG_WARN_EMPTY_BODY = YES;
				CLANG_WARN_ENUM_CONVERSION = YES;
				CLANG_WARN_INFINITE_RECURSION = YES;
				CLANG_WARN_INT_CONVERSION = YES;
				CLANG_WARN_NON_LITERAL_NULL_CONVERSION = YES;
				CLANG_WARN_OBJC_IMPLICIT_RETAIN_SELF = YES;
				CLANG_WARN_OBJC_LITERAL_CONVERSION = YES;
				CLANG_WARN_OBJC_ROOT_CLASS = YES_ERROR;
				CLANG_WARN_RANGE_LOOP_ANALYSIS = YES;
				CLANG_WARN_STRICT_PROTOTYPES = YES;
				CLANG_WARN_SUSPICIOUS_MOVE = YES;
				CLANG_WARN_UNREACHABLE_CODE = YES;
				CLANG_WARN__DUPLICATE_METHOD_MATCH = YES;
				"CODE_SIGN_IDENTITY[sdk=iphoneos*]" = "iPhone Developer";
				COPY_PHASE_STRIP = NO;
				CURRENT_PROJECT_VERSION = 1;
				DEBUG_INFORMATION_FORMAT = dwarf;
				ENABLE_STRICT_OBJC_MSGSEND = YES;
				ENABLE_TESTABILITY = YES;
				GCC_C_LANGUAGE_STANDARD = gnu99;
				GCC_DYNAMIC_NO_PIC = NO;
				GCC_NO_COMMON_BLOCKS = YES;
				GCC_OPTIMIZATION_LEVEL = 0;
				GCC_PREPROCESSOR_DEFINITIONS = (
					"DEBUG=1",
					"$(inherited)",
				);
				GCC_WARN_64_TO_32_BIT_CONVERSION = YES;
				GCC_WARN_ABOUT_RETURN_TYPE = YES_ERROR;
				GCC_WARN_UNDECLARED_SELECTOR = YES;
				GCC_WARN_UNINITIALIZED_AUTOS = YES_AGGRESSIVE;
				GCC_WARN_UNUSED_FUNCTION = YES;
				GCC_WARN_UNUSED_VARIABLE = YES;
				IPHONEOS_DEPLOYMENT_TARGET = 8.0;
				MTL_ENABLE_DEBUG_INFO = YES;
				ONLY_ACTIVE_ARCH = YES;
				SDKROOT = iphoneos;
				SWIFT_OPTIMIZATION_LEVEL = "-Onone";
				SWIFT_VERSION = 4.0;
				TARGETED_DEVICE_FAMILY = "1,2";
				VERSIONING_SYSTEM = "apple-generic";
				VERSION_INFO_PREFIX = "";
			};
			name = Debug;
		};
		FE9CB3491D52138900928A9F /* Release */ = {
			isa = XCBuildConfiguration;
			buildSettings = {
				ALWAYS_SEARCH_USER_PATHS = NO;
				CLANG_ANALYZER_LOCALIZABILITY_NONLOCALIZED = YES;
				CLANG_ANALYZER_NONNULL = YES;
				CLANG_CXX_LANGUAGE_STANDARD = "gnu++0x";
				CLANG_CXX_LIBRARY = "libc++";
				CLANG_ENABLE_MODULES = YES;
				CLANG_ENABLE_OBJC_ARC = YES;
				CLANG_WARN_BLOCK_CAPTURE_AUTORELEASING = YES;
				CLANG_WARN_BOOL_CONVERSION = YES;
				CLANG_WARN_COMMA = YES;
				CLANG_WARN_CONSTANT_CONVERSION = YES;
				CLANG_WARN_DEPRECATED_OBJC_IMPLEMENTATIONS = YES;
				CLANG_WARN_DIRECT_OBJC_ISA_USAGE = YES_ERROR;
				CLANG_WARN_EMPTY_BODY = YES;
				CLANG_WARN_ENUM_CONVERSION = YES;
				CLANG_WARN_INFINITE_RECURSION = YES;
				CLANG_WARN_INT_CONVERSION = YES;
				CLANG_WARN_NON_LITERAL_NULL_CONVERSION = YES;
				CLANG_WARN_OBJC_IMPLICIT_RETAIN_SELF = YES;
				CLANG_WARN_OBJC_LITERAL_CONVERSION = YES;
				CLANG_WARN_OBJC_ROOT_CLASS = YES_ERROR;
				CLANG_WARN_RANGE_LOOP_ANALYSIS = YES;
				CLANG_WARN_STRICT_PROTOTYPES = YES;
				CLANG_WARN_SUSPICIOUS_MOVE = YES;
				CLANG_WARN_UNREACHABLE_CODE = YES;
				CLANG_WARN__DUPLICATE_METHOD_MATCH = YES;
				"CODE_SIGN_IDENTITY[sdk=iphoneos*]" = "iPhone Developer";
				COPY_PHASE_STRIP = NO;
				CURRENT_PROJECT_VERSION = 1;
				DEBUG_INFORMATION_FORMAT = "dwarf-with-dsym";
				ENABLE_NS_ASSERTIONS = NO;
				ENABLE_STRICT_OBJC_MSGSEND = YES;
				GCC_C_LANGUAGE_STANDARD = gnu99;
				GCC_NO_COMMON_BLOCKS = YES;
				GCC_WARN_64_TO_32_BIT_CONVERSION = YES;
				GCC_WARN_ABOUT_RETURN_TYPE = YES_ERROR;
				GCC_WARN_UNDECLARED_SELECTOR = YES;
				GCC_WARN_UNINITIALIZED_AUTOS = YES_AGGRESSIVE;
				GCC_WARN_UNUSED_FUNCTION = YES;
				GCC_WARN_UNUSED_VARIABLE = YES;
				IPHONEOS_DEPLOYMENT_TARGET = 8.0;
				MTL_ENABLE_DEBUG_INFO = NO;
				SDKROOT = iphoneos;
				SWIFT_OPTIMIZATION_LEVEL = "-Owholemodule";
				SWIFT_VERSION = 4.0;
				TARGETED_DEVICE_FAMILY = "1,2";
				VALIDATE_PRODUCT = YES;
				VERSIONING_SYSTEM = "apple-generic";
				VERSION_INFO_PREFIX = "";
			};
			name = Release;
		};
		FE9CB34B1D52138900928A9F /* Debug */ = {
			isa = XCBuildConfiguration;
			buildSettings = {
				CLANG_ENABLE_MODULES = YES;
				"CODE_SIGN_IDENTITY[sdk=iphoneos*]" = "";
				DEFINES_MODULE = YES;
				DYLIB_COMPATIBILITY_VERSION = 1;
				DYLIB_CURRENT_VERSION = 1;
				DYLIB_INSTALL_NAME_BASE = "@rpath";
				INFOPLIST_FILE = Sources/SwissorsPackage/Info.plist;
				INSTALL_PATH = "$(LOCAL_LIBRARY_DIR)/Frameworks";
				LD_RUNPATH_SEARCH_PATHS = "$(inherited) @executable_path/Frameworks @loader_path/Frameworks";
				PRODUCT_BUNDLE_IDENTIFIER = "com.e-legion.swissors";
				PRODUCT_NAME = "$(TARGET_NAME)";
				SKIP_INSTALL = YES;
				SWIFT_OPTIMIZATION_LEVEL = "-Onone";
				SWIFT_VERSION = 5.0;
			};
			name = Debug;
		};
		FE9CB34C1D52138900928A9F /* Release */ = {
			isa = XCBuildConfiguration;
			buildSettings = {
				CLANG_ENABLE_MODULES = YES;
				"CODE_SIGN_IDENTITY[sdk=iphoneos*]" = "";
				DEFINES_MODULE = YES;
				DYLIB_COMPATIBILITY_VERSION = 1;
				DYLIB_CURRENT_VERSION = 1;
				DYLIB_INSTALL_NAME_BASE = "@rpath";
				INFOPLIST_FILE = Sources/SwissorsPackage/Info.plist;
				INSTALL_PATH = "$(LOCAL_LIBRARY_DIR)/Frameworks";
				LD_RUNPATH_SEARCH_PATHS = "$(inherited) @executable_path/Frameworks @loader_path/Frameworks";
				PRODUCT_BUNDLE_IDENTIFIER = "com.e-legion.swissors";
				PRODUCT_NAME = "$(TARGET_NAME)";
				SKIP_INSTALL = YES;
				SWIFT_VERSION = 5.0;
			};
			name = Release;
		};
/* End XCBuildConfiguration section */

/* Begin XCConfigurationList section */
		FE9CB3301D52138900928A9F /* Build configuration list for PBXProject "Swissors" */ = {
			isa = XCConfigurationList;
			buildConfigurations = (
				FE9CB3481D52138900928A9F /* Debug */,
				FE9CB3491D52138900928A9F /* Release */,
			);
			defaultConfigurationIsVisible = 0;
			defaultConfigurationName = Release;
		};
		FE9CB34A1D52138900928A9F /* Build configuration list for PBXNativeTarget "Swissors" */ = {
			isa = XCConfigurationList;
			buildConfigurations = (
				FE9CB34B1D52138900928A9F /* Debug */,
				FE9CB34C1D52138900928A9F /* Release */,
			);
			defaultConfigurationIsVisible = 0;
			defaultConfigurationName = Release;
		};
/* End XCConfigurationList section */
	};
	rootObject = FE9CB32D1D52138900928A9F /* Project object */;
}
