// !$*UTF8*$!
{
	archiveVersion = 1;
	classes = {
	};
	objectVersion = 46;
	objects = {

/* Begin PBXAggregateTarget section */
		"ios-swissors::SwissorsPackageTests::ProductTarget" /* SwissorsPackageTests */ = {
			isa = PBXAggregateTarget;
			buildConfigurationList = OBJ_173 /* Build configuration list for PBXAggregateTarget "SwissorsPackageTests" */;
			buildPhases = (
			);
			dependencies = (
				OBJ_176 /* PBXTargetDependency */,
			);
			name = SwissorsPackageTests;
			productName = SwissorsPackageTests;
		};
/* End PBXAggregateTarget section */

/* Begin PBXBuildFile section */
		A20D17A728699A1E00B3ADB5 /* DefaultDateFormatter.swift in Sources */ = {isa = PBXBuildFile; fileRef = OBJ_12 /* DefaultDateFormatter.swift */; };
		A20D17A828699A5500B3ADB5 /* OptionalDateValueCodableFormatter.swift in Sources */ = {isa = PBXBuildFile; fileRef = OBJ_14 /* OptionalDateValueCodableFormatter.swift */; };
		A20D17A928699A5A00B3ADB5 /* DefaultURLStrategy.swift in Sources */ = {isa = PBXBuildFile; fileRef = OBJ_13 /* DefaultURLStrategy.swift */; };
		OBJ_100 /* DefaultTrue.swift in Sources */ = {isa = PBXBuildFile; fileRef = OBJ_70 /* DefaultTrue.swift */; };
		OBJ_101 /* ISO8601Strategy.swift in Sources */ = {isa = PBXBuildFile; fileRef = OBJ_71 /* ISO8601Strategy.swift */; };
		OBJ_102 /* ISO8601WithFractionalSecondsStrategy.swift in Sources */ = {isa = PBXBuildFile; fileRef = OBJ_72 /* ISO8601WithFractionalSecondsStrategy.swift */; };
		OBJ_103 /* LosslessArray.swift in Sources */ = {isa = PBXBuildFile; fileRef = OBJ_73 /* LosslessArray.swift */; };
		OBJ_104 /* LosslessValue.swift in Sources */ = {isa = PBXBuildFile; fileRef = OBJ_74 /* LosslessValue.swift */; };
		OBJ_105 /* LossyArray.swift in Sources */ = {isa = PBXBuildFile; fileRef = OBJ_75 /* LossyArray.swift */; };
		OBJ_106 /* LossyDictionary.swift in Sources */ = {isa = PBXBuildFile; fileRef = OBJ_76 /* LossyDictionary.swift */; };
		OBJ_107 /* LossyOptional.swift in Sources */ = {isa = PBXBuildFile; fileRef = OBJ_77 /* LossyOptional.swift */; };
		OBJ_108 /* RFC2822Strategy.swift in Sources */ = {isa = PBXBuildFile; fileRef = OBJ_78 /* RFC2822Strategy.swift */; };
		OBJ_109 /* RFC3339Strategy.swift in Sources */ = {isa = PBXBuildFile; fileRef = OBJ_79 /* RFC3339Strategy.swift */; };
		OBJ_110 /* TimestampStrategy.swift in Sources */ = {isa = PBXBuildFile; fileRef = OBJ_80 /* TimestampStrategy.swift */; };
		OBJ_111 /* YearMonthDayStrategy.swift in Sources */ = {isa = PBXBuildFile; fileRef = OBJ_81 /* YearMonthDayStrategy.swift */; };
		OBJ_118 /* Package.swift in Sources */ = {isa = PBXBuildFile; fileRef = OBJ_82 /* Package.swift */; };
		OBJ_124 /* DefaultDateFormatter.swift in Sources */ = {isa = PBXBuildFile; fileRef = OBJ_12 /* DefaultDateFormatter.swift */; };
		OBJ_125 /* DefaultURLStrategy.swift in Sources */ = {isa = PBXBuildFile; fileRef = OBJ_13 /* DefaultURLStrategy.swift */; };
		OBJ_126 /* OptionalDateValueCodableFormatter.swift in Sources */ = {isa = PBXBuildFile; fileRef = OBJ_14 /* OptionalDateValueCodableFormatter.swift */; };
		OBJ_127 /* CGPoint+Swissors.swift in Sources */ = {isa = PBXBuildFile; fileRef = OBJ_17 /* CGPoint+Swissors.swift */; };
		OBJ_128 /* CGRect+Swissors.swift in Sources */ = {isa = PBXBuildFile; fileRef = OBJ_18 /* CGRect+Swissors.swift */; };
		OBJ_129 /* CGSize+Swissors.swift in Sources */ = {isa = PBXBuildFile; fileRef = OBJ_19 /* CGSize+Swissors.swift */; };
		OBJ_130 /* DispatchQueue+Swissors.swift in Sources */ = {isa = PBXBuildFile; fileRef = OBJ_21 /* DispatchQueue+Swissors.swift */; };
		OBJ_131 /* Bundle+Swissors.swift in Sources */ = {isa = PBXBuildFile; fileRef = OBJ_23 /* Bundle+Swissors.swift */; };
		OBJ_132 /* Date+Swissors.swift in Sources */ = {isa = PBXBuildFile; fileRef = OBJ_24 /* Date+Swissors.swift */; };
		OBJ_133 /* Decimal+Swissors.swift in Sources */ = {isa = PBXBuildFile; fileRef = OBJ_25 /* Decimal+Swissors.swift */; };
		OBJ_134 /* FileManager+Swissors.swift in Sources */ = {isa = PBXBuildFile; fileRef = OBJ_26 /* FileManager+Swissors.swift */; };
		OBJ_135 /* Locale+Swissors.swift in Sources */ = {isa = PBXBuildFile; fileRef = OBJ_27 /* Locale+Swissors.swift */; };
		OBJ_136 /* NSError+Swissors.swift in Sources */ = {isa = PBXBuildFile; fileRef = OBJ_28 /* NSError+Swissors.swift */; };
		OBJ_137 /* NSRange+Swissors.swift in Sources */ = {isa = PBXBuildFile; fileRef = OBJ_29 /* NSRange+Swissors.swift */; };
		OBJ_138 /* Collection+Swissors.swift in Sources */ = {isa = PBXBuildFile; fileRef = OBJ_31 /* Collection+Swissors.swift */; };
		OBJ_139 /* Comparable + Swissors.swift in Sources */ = {isa = PBXBuildFile; fileRef = OBJ_32 /* Comparable + Swissors.swift */; };
		OBJ_140 /* FloatingPoint.swift in Sources */ = {isa = PBXBuildFile; fileRef = OBJ_33 /* FloatingPoint.swift */; };
		OBJ_141 /* Int+Swissors.swift in Sources */ = {isa = PBXBuildFile; fileRef = OBJ_34 /* Int+Swissors.swift */; };
		OBJ_142 /* String+Swissors.swift in Sources */ = {isa = PBXBuildFile; fileRef = OBJ_35 /* String+Swissors.swift */; };
		OBJ_143 /* NSLayoutConstraint+Swissors.swift in Sources */ = {isa = PBXBuildFile; fileRef = OBJ_37 /* NSLayoutConstraint+Swissors.swift */; };
		OBJ_144 /* UIApplication+Swissors.swift in Sources */ = {isa = PBXBuildFile; fileRef = OBJ_38 /* UIApplication+Swissors.swift */; };
		OBJ_145 /* UICollectionView+Swissors.swift in Sources */ = {isa = PBXBuildFile; fileRef = OBJ_39 /* UICollectionView+Swissors.swift */; };
		OBJ_146 /* UIColor+Swissors.swift in Sources */ = {isa = PBXBuildFile; fileRef = OBJ_40 /* UIColor+Swissors.swift */; };
		OBJ_147 /* UIEdgeInsets+Swissors.swift in Sources */ = {isa = PBXBuildFile; fileRef = OBJ_41 /* UIEdgeInsets+Swissors.swift */; };
		OBJ_148 /* UIImage+Swissors.swift in Sources */ = {isa = PBXBuildFile; fileRef = OBJ_42 /* UIImage+Swissors.swift */; };
		OBJ_149 /* UINib+Swissors.swift in Sources */ = {isa = PBXBuildFile; fileRef = OBJ_43 /* UINib+Swissors.swift */; };
		OBJ_150 /* UIRectCorner+Swissors.swift in Sources */ = {isa = PBXBuildFile; fileRef = OBJ_44 /* UIRectCorner+Swissors.swift */; };
		OBJ_151 /* UIStackView+Swissors.swift in Sources */ = {isa = PBXBuildFile; fileRef = OBJ_45 /* UIStackView+Swissors.swift */; };
		OBJ_152 /* UITableView+Swissors.swift in Sources */ = {isa = PBXBuildFile; fileRef = OBJ_46 /* UITableView+Swissors.swift */; };
		OBJ_153 /* UIView+Swissors.swift in Sources */ = {isa = PBXBuildFile; fileRef = OBJ_47 /* UIView+Swissors.swift */; };
		OBJ_154 /* UIViewAutoresizing+Swissors.swift in Sources */ = {isa = PBXBuildFile; fileRef = OBJ_48 /* UIViewAutoresizing+Swissors.swift */; };
		OBJ_155 /* UIViewController+Swissors.swift in Sources */ = {isa = PBXBuildFile; fileRef = OBJ_49 /* UIViewController+Swissors.swift */; };
		OBJ_156 /* UIWindow+Swissors.swift in Sources */ = {isa = PBXBuildFile; fileRef = OBJ_50 /* UIWindow+Swissors.swift */; };
		OBJ_157 /* AttributedStringBuilder.swift in Sources */ = {isa = PBXBuildFile; fileRef = OBJ_52 /* AttributedStringBuilder.swift */; };
		OBJ_158 /* Closure.swift in Sources */ = {isa = PBXBuildFile; fileRef = OBJ_53 /* Closure.swift */; };
		OBJ_159 /* KeyboardObserver.swift in Sources */ = {isa = PBXBuildFile; fileRef = OBJ_54 /* KeyboardObserver.swift */; };
		OBJ_160 /* Throttler.swift in Sources */ = {isa = PBXBuildFile; fileRef = OBJ_55 /* Throttler.swift */; };
		OBJ_161 /* Weak.swift in Sources */ = {isa = PBXBuildFile; fileRef = OBJ_56 /* Weak.swift */; };
		OBJ_162 /* UserDefault.swift in Sources */ = {isa = PBXBuildFile; fileRef = OBJ_58 /* UserDefault.swift */; };
		OBJ_164 /* BetterCodable.framework in Frameworks */ = {isa = PBXBuildFile; fileRef = "bettercodable::BetterCodable::Product" /* BetterCodable.framework */; };
		OBJ_171 /* Package.swift in Sources */ = {isa = PBXBuildFile; fileRef = OBJ_6 /* Package.swift */; };
		OBJ_182 /* DefaultURLFormatterTests.swift in Sources */ = {isa = PBXBuildFile; fileRef = OBJ_60 /* DefaultURLFormatterTests.swift */; };
		OBJ_183 /* ServerDateFormatterTests.swift in Sources */ = {isa = PBXBuildFile; fileRef = OBJ_61 /* ServerDateFormatterTests.swift */; };
		OBJ_185 /* Swissors.framework in Frameworks */ = {isa = PBXBuildFile; fileRef = "ios-swissors::Swissors::Product" /* Swissors.framework */; };
		OBJ_186 /* BetterCodable.framework in Frameworks */ = {isa = PBXBuildFile; fileRef = "bettercodable::BetterCodable::Product" /* BetterCodable.framework */; };
		OBJ_95 /* DateValue.swift in Sources */ = {isa = PBXBuildFile; fileRef = OBJ_65 /* DateValue.swift */; };
		OBJ_96 /* DefaultCodable.swift in Sources */ = {isa = PBXBuildFile; fileRef = OBJ_66 /* DefaultCodable.swift */; };
		OBJ_97 /* DefaultEmptyArray.swift in Sources */ = {isa = PBXBuildFile; fileRef = OBJ_67 /* DefaultEmptyArray.swift */; };
		OBJ_98 /* DefaultEmptyDictionary.swift in Sources */ = {isa = PBXBuildFile; fileRef = OBJ_68 /* DefaultEmptyDictionary.swift */; };
		OBJ_99 /* DefaultFalse.swift in Sources */ = {isa = PBXBuildFile; fileRef = OBJ_69 /* DefaultFalse.swift */; };
/* End PBXBuildFile section */

/* Begin PBXContainerItemProxy section */
		A20D17A32869990F00B3ADB5 /* PBXContainerItemProxy */ = {
			isa = PBXContainerItemProxy;
			containerPortal = OBJ_1 /* Project object */;
			proxyType = 1;
			remoteGlobalIDString = "bettercodable::BetterCodable";
			remoteInfo = BetterCodable;
		};
		A20D17A42869990F00B3ADB5 /* PBXContainerItemProxy */ = {
			isa = PBXContainerItemProxy;
			containerPortal = OBJ_1 /* Project object */;
			proxyType = 1;
			remoteGlobalIDString = "ios-swissors::Swissors";
			remoteInfo = Swissors;
		};
		A20D17A52869990F00B3ADB5 /* PBXContainerItemProxy */ = {
			isa = PBXContainerItemProxy;
			containerPortal = OBJ_1 /* Project object */;
			proxyType = 1;
			remoteGlobalIDString = "bettercodable::BetterCodable";
			remoteInfo = BetterCodable;
		};
		A20D17A62869990F00B3ADB5 /* PBXContainerItemProxy */ = {
			isa = PBXContainerItemProxy;
			containerPortal = OBJ_1 /* Project object */;
			proxyType = 1;
			remoteGlobalIDString = "ios-swissors::SwissorsTests";
			remoteInfo = SwissorsTests;
		};
/* End PBXContainerItemProxy section */

/* Begin PBXFileReference section */
		OBJ_10 /* Info.plist */ = {isa = PBXFileReference; lastKnownFileType = text.plist.xml; path = Info.plist; sourceTree = "<group>"; };
		OBJ_12 /* DefaultDateFormatter.swift */ = {isa = PBXFileReference; lastKnownFileType = sourcecode.swift; path = DefaultDateFormatter.swift; sourceTree = "<group>"; };
		OBJ_13 /* DefaultURLStrategy.swift */ = {isa = PBXFileReference; lastKnownFileType = sourcecode.swift; path = DefaultURLStrategy.swift; sourceTree = "<group>"; };
		OBJ_14 /* OptionalDateValueCodableFormatter.swift */ = {isa = PBXFileReference; lastKnownFileType = sourcecode.swift; path = OptionalDateValueCodableFormatter.swift; sourceTree = "<group>"; };
		OBJ_17 /* CGPoint+Swissors.swift */ = {isa = PBXFileReference; lastKnownFileType = sourcecode.swift; path = "CGPoint+Swissors.swift"; sourceTree = "<group>"; };
		OBJ_18 /* CGRect+Swissors.swift */ = {isa = PBXFileReference; lastKnownFileType = sourcecode.swift; path = "CGRect+Swissors.swift"; sourceTree = "<group>"; };
		OBJ_19 /* CGSize+Swissors.swift */ = {isa = PBXFileReference; lastKnownFileType = sourcecode.swift; path = "CGSize+Swissors.swift"; sourceTree = "<group>"; };
		OBJ_21 /* DispatchQueue+Swissors.swift */ = {isa = PBXFileReference; lastKnownFileType = sourcecode.swift; path = "DispatchQueue+Swissors.swift"; sourceTree = "<group>"; };
		OBJ_23 /* Bundle+Swissors.swift */ = {isa = PBXFileReference; lastKnownFileType = sourcecode.swift; path = "Bundle+Swissors.swift"; sourceTree = "<group>"; };
		OBJ_24 /* Date+Swissors.swift */ = {isa = PBXFileReference; lastKnownFileType = sourcecode.swift; path = "Date+Swissors.swift"; sourceTree = "<group>"; };
		OBJ_25 /* Decimal+Swissors.swift */ = {isa = PBXFileReference; lastKnownFileType = sourcecode.swift; path = "Decimal+Swissors.swift"; sourceTree = "<group>"; };
		OBJ_26 /* FileManager+Swissors.swift */ = {isa = PBXFileReference; lastKnownFileType = sourcecode.swift; path = "FileManager+Swissors.swift"; sourceTree = "<group>"; };
		OBJ_27 /* Locale+Swissors.swift */ = {isa = PBXFileReference; lastKnownFileType = sourcecode.swift; path = "Locale+Swissors.swift"; sourceTree = "<group>"; };
		OBJ_28 /* NSError+Swissors.swift */ = {isa = PBXFileReference; lastKnownFileType = sourcecode.swift; path = "NSError+Swissors.swift"; sourceTree = "<group>"; };
		OBJ_29 /* NSRange+Swissors.swift */ = {isa = PBXFileReference; lastKnownFileType = sourcecode.swift; path = "NSRange+Swissors.swift"; sourceTree = "<group>"; };
		OBJ_31 /* Collection+Swissors.swift */ = {isa = PBXFileReference; lastKnownFileType = sourcecode.swift; path = "Collection+Swissors.swift"; sourceTree = "<group>"; };
		OBJ_32 /* Comparable + Swissors.swift */ = {isa = PBXFileReference; lastKnownFileType = sourcecode.swift; path = "Comparable + Swissors.swift"; sourceTree = "<group>"; };
		OBJ_33 /* FloatingPoint.swift */ = {isa = PBXFileReference; lastKnownFileType = sourcecode.swift; path = FloatingPoint.swift; sourceTree = "<group>"; };
		OBJ_34 /* Int+Swissors.swift */ = {isa = PBXFileReference; lastKnownFileType = sourcecode.swift; path = "Int+Swissors.swift"; sourceTree = "<group>"; };
		OBJ_35 /* String+Swissors.swift */ = {isa = PBXFileReference; lastKnownFileType = sourcecode.swift; path = "String+Swissors.swift"; sourceTree = "<group>"; };
		OBJ_37 /* NSLayoutConstraint+Swissors.swift */ = {isa = PBXFileReference; lastKnownFileType = sourcecode.swift; path = "NSLayoutConstraint+Swissors.swift"; sourceTree = "<group>"; };
		OBJ_38 /* UIApplication+Swissors.swift */ = {isa = PBXFileReference; lastKnownFileType = sourcecode.swift; path = "UIApplication+Swissors.swift"; sourceTree = "<group>"; };
		OBJ_39 /* UICollectionView+Swissors.swift */ = {isa = PBXFileReference; lastKnownFileType = sourcecode.swift; path = "UICollectionView+Swissors.swift"; sourceTree = "<group>"; };
		OBJ_40 /* UIColor+Swissors.swift */ = {isa = PBXFileReference; lastKnownFileType = sourcecode.swift; path = "UIColor+Swissors.swift"; sourceTree = "<group>"; };
		OBJ_41 /* UIEdgeInsets+Swissors.swift */ = {isa = PBXFileReference; lastKnownFileType = sourcecode.swift; path = "UIEdgeInsets+Swissors.swift"; sourceTree = "<group>"; };
		OBJ_42 /* UIImage+Swissors.swift */ = {isa = PBXFileReference; lastKnownFileType = sourcecode.swift; path = "UIImage+Swissors.swift"; sourceTree = "<group>"; };
		OBJ_43 /* UINib+Swissors.swift */ = {isa = PBXFileReference; lastKnownFileType = sourcecode.swift; path = "UINib+Swissors.swift"; sourceTree = "<group>"; };
		OBJ_44 /* UIRectCorner+Swissors.swift */ = {isa = PBXFileReference; lastKnownFileType = sourcecode.swift; path = "UIRectCorner+Swissors.swift"; sourceTree = "<group>"; };
		OBJ_45 /* UIStackView+Swissors.swift */ = {isa = PBXFileReference; lastKnownFileType = sourcecode.swift; path = "UIStackView+Swissors.swift"; sourceTree = "<group>"; };
		OBJ_46 /* UITableView+Swissors.swift */ = {isa = PBXFileReference; lastKnownFileType = sourcecode.swift; path = "UITableView+Swissors.swift"; sourceTree = "<group>"; };
		OBJ_47 /* UIView+Swissors.swift */ = {isa = PBXFileReference; lastKnownFileType = sourcecode.swift; path = "UIView+Swissors.swift"; sourceTree = "<group>"; };
		OBJ_48 /* UIViewAutoresizing+Swissors.swift */ = {isa = PBXFileReference; lastKnownFileType = sourcecode.swift; path = "UIViewAutoresizing+Swissors.swift"; sourceTree = "<group>"; };
		OBJ_49 /* UIViewController+Swissors.swift */ = {isa = PBXFileReference; lastKnownFileType = sourcecode.swift; path = "UIViewController+Swissors.swift"; sourceTree = "<group>"; };
		OBJ_50 /* UIWindow+Swissors.swift */ = {isa = PBXFileReference; lastKnownFileType = sourcecode.swift; path = "UIWindow+Swissors.swift"; sourceTree = "<group>"; };
		OBJ_52 /* AttributedStringBuilder.swift */ = {isa = PBXFileReference; lastKnownFileType = sourcecode.swift; path = AttributedStringBuilder.swift; sourceTree = "<group>"; };
		OBJ_53 /* Closure.swift */ = {isa = PBXFileReference; lastKnownFileType = sourcecode.swift; path = Closure.swift; sourceTree = "<group>"; };
		OBJ_54 /* KeyboardObserver.swift */ = {isa = PBXFileReference; lastKnownFileType = sourcecode.swift; path = KeyboardObserver.swift; sourceTree = "<group>"; };
		OBJ_55 /* Throttler.swift */ = {isa = PBXFileReference; lastKnownFileType = sourcecode.swift; path = Throttler.swift; sourceTree = "<group>"; };
		OBJ_56 /* Weak.swift */ = {isa = PBXFileReference; lastKnownFileType = sourcecode.swift; path = Weak.swift; sourceTree = "<group>"; };
		OBJ_58 /* UserDefault.swift */ = {isa = PBXFileReference; lastKnownFileType = sourcecode.swift; path = UserDefault.swift; sourceTree = "<group>"; };
		OBJ_6 /* Package.swift */ = {isa = PBXFileReference; explicitFileType = sourcecode.swift; path = Package.swift; sourceTree = "<group>"; };
		OBJ_60 /* DefaultURLFormatterTests.swift */ = {isa = PBXFileReference; lastKnownFileType = sourcecode.swift; path = DefaultURLFormatterTests.swift; sourceTree = "<group>"; };
		OBJ_61 /* ServerDateFormatterTests.swift */ = {isa = PBXFileReference; lastKnownFileType = sourcecode.swift; path = ServerDateFormatterTests.swift; sourceTree = "<group>"; };
		OBJ_65 /* DateValue.swift */ = {isa = PBXFileReference; lastKnownFileType = sourcecode.swift; path = DateValue.swift; sourceTree = "<group>"; };
		OBJ_66 /* DefaultCodable.swift */ = {isa = PBXFileReference; lastKnownFileType = sourcecode.swift; path = DefaultCodable.swift; sourceTree = "<group>"; };
		OBJ_67 /* DefaultEmptyArray.swift */ = {isa = PBXFileReference; lastKnownFileType = sourcecode.swift; path = DefaultEmptyArray.swift; sourceTree = "<group>"; };
		OBJ_68 /* DefaultEmptyDictionary.swift */ = {isa = PBXFileReference; lastKnownFileType = sourcecode.swift; path = DefaultEmptyDictionary.swift; sourceTree = "<group>"; };
		OBJ_69 /* DefaultFalse.swift */ = {isa = PBXFileReference; lastKnownFileType = sourcecode.swift; path = DefaultFalse.swift; sourceTree = "<group>"; };
		OBJ_70 /* DefaultTrue.swift */ = {isa = PBXFileReference; lastKnownFileType = sourcecode.swift; path = DefaultTrue.swift; sourceTree = "<group>"; };
		OBJ_71 /* ISO8601Strategy.swift */ = {isa = PBXFileReference; lastKnownFileType = sourcecode.swift; path = ISO8601Strategy.swift; sourceTree = "<group>"; };
		OBJ_72 /* ISO8601WithFractionalSecondsStrategy.swift */ = {isa = PBXFileReference; lastKnownFileType = sourcecode.swift; path = ISO8601WithFractionalSecondsStrategy.swift; sourceTree = "<group>"; };
		OBJ_73 /* LosslessArray.swift */ = {isa = PBXFileReference; lastKnownFileType = sourcecode.swift; path = LosslessArray.swift; sourceTree = "<group>"; };
		OBJ_74 /* LosslessValue.swift */ = {isa = PBXFileReference; lastKnownFileType = sourcecode.swift; path = LosslessValue.swift; sourceTree = "<group>"; };
		OBJ_75 /* LossyArray.swift */ = {isa = PBXFileReference; lastKnownFileType = sourcecode.swift; path = LossyArray.swift; sourceTree = "<group>"; };
		OBJ_76 /* LossyDictionary.swift */ = {isa = PBXFileReference; lastKnownFileType = sourcecode.swift; path = LossyDictionary.swift; sourceTree = "<group>"; };
		OBJ_77 /* LossyOptional.swift */ = {isa = PBXFileReference; lastKnownFileType = sourcecode.swift; path = LossyOptional.swift; sourceTree = "<group>"; };
		OBJ_78 /* RFC2822Strategy.swift */ = {isa = PBXFileReference; lastKnownFileType = sourcecode.swift; path = RFC2822Strategy.swift; sourceTree = "<group>"; };
		OBJ_79 /* RFC3339Strategy.swift */ = {isa = PBXFileReference; lastKnownFileType = sourcecode.swift; path = RFC3339Strategy.swift; sourceTree = "<group>"; };
		OBJ_80 /* TimestampStrategy.swift */ = {isa = PBXFileReference; lastKnownFileType = sourcecode.swift; path = TimestampStrategy.swift; sourceTree = "<group>"; };
		OBJ_81 /* YearMonthDayStrategy.swift */ = {isa = PBXFileReference; lastKnownFileType = sourcecode.swift; path = YearMonthDayStrategy.swift; sourceTree = "<group>"; };
		OBJ_82 /* Package.swift */ = {isa = PBXFileReference; explicitFileType = sourcecode.swift; name = Package.swift; path = "/Users/maximbutin/Documents/Job/ios-Swissors/.build/checkouts/BetterCodable/Package.swift"; sourceTree = "<group>"; };
		OBJ_87 /* LICENSE */ = {isa = PBXFileReference; lastKnownFileType = text; path = LICENSE; sourceTree = "<group>"; };
		OBJ_88 /* README.md */ = {isa = PBXFileReference; lastKnownFileType = net.daringfireball.markdown; path = README.md; sourceTree = "<group>"; };
		OBJ_89 /* Swissors.podspec */ = {isa = PBXFileReference; lastKnownFileType = text; path = Swissors.podspec; sourceTree = "<group>"; };
		OBJ_9 /* Swissors.h */ = {isa = PBXFileReference; lastKnownFileType = sourcecode.c.h; path = Swissors.h; sourceTree = "<group>"; };
		"bettercodable::BetterCodable::Product" /* BetterCodable.framework */ = {isa = PBXFileReference; lastKnownFileType = wrapper.framework; path = BetterCodable.framework; sourceTree = BUILT_PRODUCTS_DIR; };
		"ios-swissors::Swissors::Product" /* Swissors.framework */ = {isa = PBXFileReference; lastKnownFileType = wrapper.framework; path = Swissors.framework; sourceTree = BUILT_PRODUCTS_DIR; };
		"ios-swissors::SwissorsTests::Product" /* SwissorsTests.xctest */ = {isa = PBXFileReference; lastKnownFileType = file; path = SwissorsTests.xctest; sourceTree = BUILT_PRODUCTS_DIR; };
/* End PBXFileReference section */

/* Begin PBXFrameworksBuildPhase section */
		OBJ_112 /* Frameworks */ = {
			isa = PBXFrameworksBuildPhase;
			buildActionMask = 0;
			files = (
			);
			runOnlyForDeploymentPostprocessing = 0;
		};
		OBJ_163 /* Frameworks */ = {
			isa = PBXFrameworksBuildPhase;
			buildActionMask = 0;
			files = (
				OBJ_164 /* BetterCodable.framework in Frameworks */,
			);
			runOnlyForDeploymentPostprocessing = 0;
		};
		OBJ_184 /* Frameworks */ = {
			isa = PBXFrameworksBuildPhase;
			buildActionMask = 0;
			files = (
				OBJ_185 /* Swissors.framework in Frameworks */,
				OBJ_186 /* BetterCodable.framework in Frameworks */,
			);
			runOnlyForDeploymentPostprocessing = 0;
		};
/* End PBXFrameworksBuildPhase section */

/* Begin PBXGroup section */
		OBJ_11 /* Codable */ = {
			isa = PBXGroup;
			children = (
				OBJ_12 /* DefaultDateFormatter.swift */,
				OBJ_13 /* DefaultURLStrategy.swift */,
				OBJ_14 /* OptionalDateValueCodableFormatter.swift */,
			);
			path = Codable;
			sourceTree = "<group>";
		};
		OBJ_15 /* Extensions */ = {
			isa = PBXGroup;
			children = (
				OBJ_16 /* CoreGraphics */,
				OBJ_20 /* Dispatch */,
				OBJ_22 /* Foundation */,
				OBJ_30 /* Swift */,
				OBJ_36 /* UIKit */,
			);
			path = Extensions;
			sourceTree = "<group>";
		};
		OBJ_16 /* CoreGraphics */ = {
			isa = PBXGroup;
			children = (
				OBJ_17 /* CGPoint+Swissors.swift */,
				OBJ_18 /* CGRect+Swissors.swift */,
				OBJ_19 /* CGSize+Swissors.swift */,
			);
			path = CoreGraphics;
			sourceTree = "<group>";
		};
		OBJ_20 /* Dispatch */ = {
			isa = PBXGroup;
			children = (
				OBJ_21 /* DispatchQueue+Swissors.swift */,
			);
			path = Dispatch;
			sourceTree = "<group>";
		};
		OBJ_22 /* Foundation */ = {
			isa = PBXGroup;
			children = (
				OBJ_23 /* Bundle+Swissors.swift */,
				OBJ_24 /* Date+Swissors.swift */,
				OBJ_25 /* Decimal+Swissors.swift */,
				OBJ_26 /* FileManager+Swissors.swift */,
				OBJ_27 /* Locale+Swissors.swift */,
				OBJ_28 /* NSError+Swissors.swift */,
				OBJ_29 /* NSRange+Swissors.swift */,
			);
			path = Foundation;
			sourceTree = "<group>";
		};
		OBJ_30 /* Swift */ = {
			isa = PBXGroup;
			children = (
				OBJ_31 /* Collection+Swissors.swift */,
				OBJ_32 /* Comparable + Swissors.swift */,
				OBJ_33 /* FloatingPoint.swift */,
				OBJ_34 /* Int+Swissors.swift */,
				OBJ_35 /* String+Swissors.swift */,
			);
			path = Swift;
			sourceTree = "<group>";
		};
		OBJ_36 /* UIKit */ = {
			isa = PBXGroup;
			children = (
				OBJ_37 /* NSLayoutConstraint+Swissors.swift */,
				OBJ_38 /* UIApplication+Swissors.swift */,
				OBJ_39 /* UICollectionView+Swissors.swift */,
				OBJ_40 /* UIColor+Swissors.swift */,
				OBJ_41 /* UIEdgeInsets+Swissors.swift */,
				OBJ_42 /* UIImage+Swissors.swift */,
				OBJ_43 /* UINib+Swissors.swift */,
				OBJ_44 /* UIRectCorner+Swissors.swift */,
				OBJ_45 /* UIStackView+Swissors.swift */,
				OBJ_46 /* UITableView+Swissors.swift */,
				OBJ_47 /* UIView+Swissors.swift */,
				OBJ_48 /* UIViewAutoresizing+Swissors.swift */,
				OBJ_49 /* UIViewController+Swissors.swift */,
				OBJ_50 /* UIWindow+Swissors.swift */,
			);
			path = UIKit;
			sourceTree = "<group>";
		};
		OBJ_5 /*  */ = {
			isa = PBXGroup;
			children = (
				OBJ_6 /* Package.swift */,
				OBJ_7 /* Sources */,
				OBJ_59 /* Tests */,
				OBJ_62 /* Dependencies */,
				OBJ_83 /* Products */,
				OBJ_87 /* LICENSE */,
				OBJ_88 /* README.md */,
				OBJ_89 /* Swissors.podspec */,
			);
			name = "";
			sourceTree = "<group>";
		};
		OBJ_51 /* Types */ = {
			isa = PBXGroup;
			children = (
				OBJ_52 /* AttributedStringBuilder.swift */,
				OBJ_53 /* Closure.swift */,
				OBJ_54 /* KeyboardObserver.swift */,
				OBJ_55 /* Throttler.swift */,
				OBJ_56 /* Weak.swift */,
			);
			path = Types;
			sourceTree = "<group>";
		};
		OBJ_57 /* Wrappers */ = {
			isa = PBXGroup;
			children = (
				OBJ_58 /* UserDefault.swift */,
			);
			path = Wrappers;
			sourceTree = "<group>";
		};
		OBJ_59 /* Tests */ = {
			isa = PBXGroup;
			children = (
				OBJ_60 /* DefaultURLFormatterTests.swift */,
				OBJ_61 /* ServerDateFormatterTests.swift */,
			);
			path = Tests;
			sourceTree = SOURCE_ROOT;
		};
		OBJ_62 /* Dependencies */ = {
			isa = PBXGroup;
			children = (
				OBJ_63 /* BetterCodable 0.4.0 */,
			);
			name = Dependencies;
			sourceTree = "<group>";
		};
		OBJ_63 /* BetterCodable 0.4.0 */ = {
			isa = PBXGroup;
			children = (
				OBJ_64 /* BetterCodable */,
				OBJ_82 /* Package.swift */,
			);
			name = "BetterCodable 0.4.0";
			sourceTree = SOURCE_ROOT;
		};
		OBJ_64 /* BetterCodable */ = {
			isa = PBXGroup;
			children = (
				OBJ_65 /* DateValue.swift */,
				OBJ_66 /* DefaultCodable.swift */,
				OBJ_67 /* DefaultEmptyArray.swift */,
				OBJ_68 /* DefaultEmptyDictionary.swift */,
				OBJ_69 /* DefaultFalse.swift */,
				OBJ_70 /* DefaultTrue.swift */,
				OBJ_71 /* ISO8601Strategy.swift */,
				OBJ_72 /* ISO8601WithFractionalSecondsStrategy.swift */,
				OBJ_73 /* LosslessArray.swift */,
				OBJ_74 /* LosslessValue.swift */,
				OBJ_75 /* LossyArray.swift */,
				OBJ_76 /* LossyDictionary.swift */,
				OBJ_77 /* LossyOptional.swift */,
				OBJ_78 /* RFC2822Strategy.swift */,
				OBJ_79 /* RFC3339Strategy.swift */,
				OBJ_80 /* TimestampStrategy.swift */,
				OBJ_81 /* YearMonthDayStrategy.swift */,
			);
			name = BetterCodable;
			path = .build/checkouts/BetterCodable/Sources/BetterCodable;
			sourceTree = SOURCE_ROOT;
		};
		OBJ_7 /* Sources */ = {
			isa = PBXGroup;
			children = (
				OBJ_8 /* Swissors */,
			);
			name = Sources;
			sourceTree = SOURCE_ROOT;
		};
		OBJ_8 /* Swissors */ = {
			isa = PBXGroup;
			children = (
				OBJ_9 /* Swissors.h */,
				OBJ_10 /* Info.plist */,
				OBJ_11 /* Codable */,
				OBJ_15 /* Extensions */,
				OBJ_51 /* Types */,
				OBJ_57 /* Wrappers */,
			);
			name = Swissors;
			path = Sources/Swissors;
			sourceTree = SOURCE_ROOT;
		};
		OBJ_83 /* Products */ = {
			isa = PBXGroup;
			children = (
				"bettercodable::BetterCodable::Product" /* BetterCodable.framework */,
				"ios-swissors::Swissors::Product" /* Swissors.framework */,
				"ios-swissors::SwissorsTests::Product" /* SwissorsTests.xctest */,
			);
			name = Products;
			sourceTree = BUILT_PRODUCTS_DIR;
		};
/* End PBXGroup section */

/* Begin PBXNativeTarget section */
		"bettercodable::BetterCodable" /* BetterCodable */ = {
			isa = PBXNativeTarget;
			buildConfigurationList = OBJ_91 /* Build configuration list for PBXNativeTarget "BetterCodable" */;
			buildPhases = (
				OBJ_94 /* Sources */,
				OBJ_112 /* Frameworks */,
			);
			buildRules = (
			);
			dependencies = (
			);
			name = BetterCodable;
			productName = BetterCodable;
			productReference = "bettercodable::BetterCodable::Product" /* BetterCodable.framework */;
			productType = "com.apple.product-type.framework";
		};
		"bettercodable::SwiftPMPackageDescription" /* BetterCodablePackageDescription */ = {
			isa = PBXNativeTarget;
			buildConfigurationList = OBJ_114 /* Build configuration list for PBXNativeTarget "BetterCodablePackageDescription" */;
			buildPhases = (
				OBJ_117 /* Sources */,
			);
			buildRules = (
			);
			dependencies = (
			);
			name = BetterCodablePackageDescription;
			productName = BetterCodablePackageDescription;
			productType = "com.apple.product-type.framework";
		};
		"ios-swissors::SwiftPMPackageDescription" /* SwissorsPackageDescription */ = {
			isa = PBXNativeTarget;
			buildConfigurationList = OBJ_167 /* Build configuration list for PBXNativeTarget "SwissorsPackageDescription" */;
			buildPhases = (
				OBJ_170 /* Sources */,
			);
			buildRules = (
			);
			dependencies = (
			);
			name = SwissorsPackageDescription;
			productName = SwissorsPackageDescription;
			productType = "com.apple.product-type.framework";
		};
		"ios-swissors::Swissors" /* Swissors */ = {
			isa = PBXNativeTarget;
			buildConfigurationList = OBJ_120 /* Build configuration list for PBXNativeTarget "Swissors" */;
			buildPhases = (
				OBJ_123 /* Sources */,
				OBJ_163 /* Frameworks */,
			);
			buildRules = (
			);
			dependencies = (
				OBJ_165 /* PBXTargetDependency */,
			);
			name = Swissors;
			productName = Swissors;
			productReference = "ios-swissors::Swissors::Product" /* Swissors.framework */;
			productType = "com.apple.product-type.framework";
		};
		"ios-swissors::SwissorsTests" /* SwissorsTests */ = {
			isa = PBXNativeTarget;
			buildConfigurationList = OBJ_178 /* Build configuration list for PBXNativeTarget "SwissorsTests" */;
			buildPhases = (
				OBJ_181 /* Sources */,
				OBJ_184 /* Frameworks */,
			);
			buildRules = (
			);
			dependencies = (
				OBJ_187 /* PBXTargetDependency */,
				OBJ_188 /* PBXTargetDependency */,
			);
			name = SwissorsTests;
			productName = SwissorsTests;
			productReference = "ios-swissors::SwissorsTests::Product" /* SwissorsTests.xctest */;
			productType = "com.apple.product-type.bundle.unit-test";
		};
/* End PBXNativeTarget section */

/* Begin PBXProject section */
		OBJ_1 /* Project object */ = {
			isa = PBXProject;
			attributes = {
				LastSwiftMigration = 9999;
				LastUpgradeCheck = 9999;
			};
			buildConfigurationList = OBJ_2 /* Build configuration list for PBXProject "Swissors" */;
			compatibilityVersion = "Xcode 3.2";
			developmentRegion = en;
			hasScannedForEncodings = 0;
			knownRegions = (
				en,
			);
			mainGroup = OBJ_5 /*  */;
			productRefGroup = OBJ_83 /* Products */;
			projectDirPath = "";
			projectRoot = "";
			targets = (
				"bettercodable::BetterCodable" /* BetterCodable */,
				"bettercodable::SwiftPMPackageDescription" /* BetterCodablePackageDescription */,
				"ios-swissors::Swissors" /* Swissors */,
				"ios-swissors::SwiftPMPackageDescription" /* SwissorsPackageDescription */,
				"ios-swissors::SwissorsPackageTests::ProductTarget" /* SwissorsPackageTests */,
				"ios-swissors::SwissorsTests" /* SwissorsTests */,
			);
		};
/* End PBXProject section */

/* Begin PBXSourcesBuildPhase section */
		OBJ_117 /* Sources */ = {
			isa = PBXSourcesBuildPhase;
			buildActionMask = 0;
			files = (
				OBJ_118 /* Package.swift in Sources */,
			);
			runOnlyForDeploymentPostprocessing = 0;
		};
		OBJ_123 /* Sources */ = {
			isa = PBXSourcesBuildPhase;
			buildActionMask = 0;
			files = (
				OBJ_124 /* DefaultDateFormatter.swift in Sources */,
				OBJ_125 /* DefaultURLStrategy.swift in Sources */,
				OBJ_126 /* OptionalDateValueCodableFormatter.swift in Sources */,
				OBJ_127 /* CGPoint+Swissors.swift in Sources */,
				OBJ_128 /* CGRect+Swissors.swift in Sources */,
				OBJ_129 /* CGSize+Swissors.swift in Sources */,
				OBJ_130 /* DispatchQueue+Swissors.swift in Sources */,
				OBJ_131 /* Bundle+Swissors.swift in Sources */,
				OBJ_132 /* Date+Swissors.swift in Sources */,
				OBJ_133 /* Decimal+Swissors.swift in Sources */,
				OBJ_134 /* FileManager+Swissors.swift in Sources */,
				OBJ_135 /* Locale+Swissors.swift in Sources */,
				OBJ_136 /* NSError+Swissors.swift in Sources */,
				OBJ_137 /* NSRange+Swissors.swift in Sources */,
				OBJ_138 /* Collection+Swissors.swift in Sources */,
				OBJ_139 /* Comparable + Swissors.swift in Sources */,
				OBJ_140 /* FloatingPoint.swift in Sources */,
				OBJ_141 /* Int+Swissors.swift in Sources */,
				OBJ_142 /* String+Swissors.swift in Sources */,
				OBJ_143 /* NSLayoutConstraint+Swissors.swift in Sources */,
				OBJ_144 /* UIApplication+Swissors.swift in Sources */,
				OBJ_145 /* UICollectionView+Swissors.swift in Sources */,
				OBJ_146 /* UIColor+Swissors.swift in Sources */,
				OBJ_147 /* UIEdgeInsets+Swissors.swift in Sources */,
				OBJ_148 /* UIImage+Swissors.swift in Sources */,
				OBJ_149 /* UINib+Swissors.swift in Sources */,
				OBJ_150 /* UIRectCorner+Swissors.swift in Sources */,
				OBJ_151 /* UIStackView+Swissors.swift in Sources */,
				OBJ_152 /* UITableView+Swissors.swift in Sources */,
				OBJ_153 /* UIView+Swissors.swift in Sources */,
				OBJ_154 /* UIViewAutoresizing+Swissors.swift in Sources */,
				OBJ_155 /* UIViewController+Swissors.swift in Sources */,
				OBJ_156 /* UIWindow+Swissors.swift in Sources */,
				OBJ_157 /* AttributedStringBuilder.swift in Sources */,
				OBJ_158 /* Closure.swift in Sources */,
				OBJ_159 /* KeyboardObserver.swift in Sources */,
				OBJ_160 /* Throttler.swift in Sources */,
				OBJ_161 /* Weak.swift in Sources */,
				OBJ_162 /* UserDefault.swift in Sources */,
			);
			runOnlyForDeploymentPostprocessing = 0;
		};
		OBJ_170 /* Sources */ = {
			isa = PBXSourcesBuildPhase;
			buildActionMask = 0;
			files = (
				OBJ_171 /* Package.swift in Sources */,
			);
			runOnlyForDeploymentPostprocessing = 0;
		};
		OBJ_181 /* Sources */ = {
			isa = PBXSourcesBuildPhase;
			buildActionMask = 0;
			files = (
				OBJ_182 /* DefaultURLFormatterTests.swift in Sources */,
				A20D17A828699A5500B3ADB5 /* OptionalDateValueCodableFormatter.swift in Sources */,
				A20D17A728699A1E00B3ADB5 /* DefaultDateFormatter.swift in Sources */,
				OBJ_183 /* ServerDateFormatterTests.swift in Sources */,
				A20D17A928699A5A00B3ADB5 /* DefaultURLStrategy.swift in Sources */,
			);
			runOnlyForDeploymentPostprocessing = 0;
		};
		OBJ_94 /* Sources */ = {
			isa = PBXSourcesBuildPhase;
			buildActionMask = 0;
			files = (
				OBJ_95 /* DateValue.swift in Sources */,
				OBJ_96 /* DefaultCodable.swift in Sources */,
				OBJ_97 /* DefaultEmptyArray.swift in Sources */,
				OBJ_98 /* DefaultEmptyDictionary.swift in Sources */,
				OBJ_99 /* DefaultFalse.swift in Sources */,
				OBJ_100 /* DefaultTrue.swift in Sources */,
				OBJ_101 /* ISO8601Strategy.swift in Sources */,
				OBJ_102 /* ISO8601WithFractionalSecondsStrategy.swift in Sources */,
				OBJ_103 /* LosslessArray.swift in Sources */,
				OBJ_104 /* LosslessValue.swift in Sources */,
				OBJ_105 /* LossyArray.swift in Sources */,
				OBJ_106 /* LossyDictionary.swift in Sources */,
				OBJ_107 /* LossyOptional.swift in Sources */,
				OBJ_108 /* RFC2822Strategy.swift in Sources */,
				OBJ_109 /* RFC3339Strategy.swift in Sources */,
				OBJ_110 /* TimestampStrategy.swift in Sources */,
				OBJ_111 /* YearMonthDayStrategy.swift in Sources */,
			);
			runOnlyForDeploymentPostprocessing = 0;
		};
/* End PBXSourcesBuildPhase section */

/* Begin PBXTargetDependency section */
		OBJ_165 /* PBXTargetDependency */ = {
			isa = PBXTargetDependency;
			target = "bettercodable::BetterCodable" /* BetterCodable */;
			targetProxy = A20D17A32869990F00B3ADB5 /* PBXContainerItemProxy */;
		};
		OBJ_176 /* PBXTargetDependency */ = {
			isa = PBXTargetDependency;
			target = "ios-swissors::SwissorsTests" /* SwissorsTests */;
			targetProxy = A20D17A62869990F00B3ADB5 /* PBXContainerItemProxy */;
		};
		OBJ_187 /* PBXTargetDependency */ = {
			isa = PBXTargetDependency;
			target = "ios-swissors::Swissors" /* Swissors */;
			targetProxy = A20D17A42869990F00B3ADB5 /* PBXContainerItemProxy */;
		};
		OBJ_188 /* PBXTargetDependency */ = {
			isa = PBXTargetDependency;
			target = "bettercodable::BetterCodable" /* BetterCodable */;
			targetProxy = A20D17A52869990F00B3ADB5 /* PBXContainerItemProxy */;
		};
/* End PBXTargetDependency section */

/* Begin XCBuildConfiguration section */
		OBJ_115 /* Debug */ = {
			isa = XCBuildConfiguration;
			buildSettings = {
				LD = /usr/bin/true;
				OTHER_SWIFT_FLAGS = "-swift-version 5 -I $(TOOLCHAIN_DIR)/usr/lib/swift/pm/ManifestAPI -sdk /Applications/Xcode.app/Contents/Developer/Platforms/MacOSX.platform/Developer/SDKs/MacOSX12.3.sdk -package-description-version 5.2.0";
				SWIFT_VERSION = 5.0;
			};
			name = Debug;
		};
		OBJ_116 /* Release */ = {
			isa = XCBuildConfiguration;
			buildSettings = {
				LD = /usr/bin/true;
				OTHER_SWIFT_FLAGS = "-swift-version 5 -I $(TOOLCHAIN_DIR)/usr/lib/swift/pm/ManifestAPI -sdk /Applications/Xcode.app/Contents/Developer/Platforms/MacOSX.platform/Developer/SDKs/MacOSX12.3.sdk -package-description-version 5.2.0";
				SWIFT_VERSION = 5.0;
			};
			name = Release;
		};
		OBJ_121 /* Debug */ = {
			isa = XCBuildConfiguration;
			buildSettings = {
				CURRENT_PROJECT_VERSION = 1;
				DRIVERKIT_DEPLOYMENT_TARGET = 19.0;
				ENABLE_TESTABILITY = YES;
				FRAMEWORK_SEARCH_PATHS = (
					"$(inherited)",
					"$(PLATFORM_DIR)/Developer/Library/Frameworks",
				);
				HEADER_SEARCH_PATHS = "$(inherited)";
				INFOPLIST_FILE = Swissors.xcodeproj/Swissors_Info.plist;
				IPHONEOS_DEPLOYMENT_TARGET = 11.0;
				LD_RUNPATH_SEARCH_PATHS = "$(inherited) $(TOOLCHAIN_DIR)/usr/lib/swift/macosx";
				MACOSX_DEPLOYMENT_TARGET = 10.10;
				OTHER_CFLAGS = "$(inherited)";
				OTHER_LDFLAGS = "$(inherited)";
				OTHER_SWIFT_FLAGS = "$(inherited)";
				PRODUCT_BUNDLE_IDENTIFIER = Swissors;
				PRODUCT_MODULE_NAME = "$(TARGET_NAME:c99extidentifier)";
				PRODUCT_NAME = "$(TARGET_NAME:c99extidentifier)";
				SKIP_INSTALL = YES;
				SWIFT_ACTIVE_COMPILATION_CONDITIONS = "$(inherited)";
				SWIFT_VERSION = 5.0;
				TARGET_NAME = Swissors;
				TVOS_DEPLOYMENT_TARGET = 9.0;
				WATCHOS_DEPLOYMENT_TARGET = 2.0;
			};
			name = Debug;
		};
		OBJ_122 /* Release */ = {
			isa = XCBuildConfiguration;
			buildSettings = {
				CURRENT_PROJECT_VERSION = 1;
				DRIVERKIT_DEPLOYMENT_TARGET = 19.0;
				ENABLE_TESTABILITY = YES;
				FRAMEWORK_SEARCH_PATHS = (
					"$(inherited)",
					"$(PLATFORM_DIR)/Developer/Library/Frameworks",
				);
				HEADER_SEARCH_PATHS = "$(inherited)";
				INFOPLIST_FILE = Swissors.xcodeproj/Swissors_Info.plist;
				IPHONEOS_DEPLOYMENT_TARGET = 11.0;
				LD_RUNPATH_SEARCH_PATHS = "$(inherited) $(TOOLCHAIN_DIR)/usr/lib/swift/macosx";
				MACOSX_DEPLOYMENT_TARGET = 10.10;
				OTHER_CFLAGS = "$(inherited)";
				OTHER_LDFLAGS = "$(inherited)";
				OTHER_SWIFT_FLAGS = "$(inherited)";
				PRODUCT_BUNDLE_IDENTIFIER = Swissors;
				PRODUCT_MODULE_NAME = "$(TARGET_NAME:c99extidentifier)";
				PRODUCT_NAME = "$(TARGET_NAME:c99extidentifier)";
				SKIP_INSTALL = YES;
				SWIFT_ACTIVE_COMPILATION_CONDITIONS = "$(inherited)";
				SWIFT_VERSION = 5.0;
				TARGET_NAME = Swissors;
				TVOS_DEPLOYMENT_TARGET = 9.0;
				WATCHOS_DEPLOYMENT_TARGET = 2.0;
			};
			name = Release;
		};
		OBJ_168 /* Debug */ = {
			isa = XCBuildConfiguration;
			buildSettings = {
				LD = /usr/bin/true;
				OTHER_SWIFT_FLAGS = "-swift-version 5 -I $(TOOLCHAIN_DIR)/usr/lib/swift/pm/ManifestAPI -sdk /Applications/Xcode.app/Contents/Developer/Platforms/MacOSX.platform/Developer/SDKs/MacOSX12.3.sdk -package-description-version 5.0.0";
				SWIFT_VERSION = 5.0;
			};
			name = Debug;
		};
		OBJ_169 /* Release */ = {
			isa = XCBuildConfiguration;
			buildSettings = {
				LD = /usr/bin/true;
				OTHER_SWIFT_FLAGS = "-swift-version 5 -I $(TOOLCHAIN_DIR)/usr/lib/swift/pm/ManifestAPI -sdk /Applications/Xcode.app/Contents/Developer/Platforms/MacOSX.platform/Developer/SDKs/MacOSX12.3.sdk -package-description-version 5.0.0";
				SWIFT_VERSION = 5.0;
			};
			name = Release;
		};
		OBJ_174 /* Debug */ = {
			isa = XCBuildConfiguration;
			buildSettings = {
			};
			name = Debug;
		};
		OBJ_175 /* Release */ = {
			isa = XCBuildConfiguration;
			buildSettings = {
			};
			name = Release;
		};
		OBJ_179 /* Debug */ = {
			isa = XCBuildConfiguration;
			buildSettings = {
				CLANG_ENABLE_MODULES = YES;
				CURRENT_PROJECT_VERSION = 1;
				DRIVERKIT_DEPLOYMENT_TARGET = 19.0;
				EMBEDDED_CONTENT_CONTAINS_SWIFT = YES;
				FRAMEWORK_SEARCH_PATHS = (
					"$(inherited)",
					"$(PLATFORM_DIR)/Developer/Library/Frameworks",
				);
				HEADER_SEARCH_PATHS = "$(inherited)";
				INFOPLIST_FILE = Swissors.xcodeproj/SwissorsTests_Info.plist;
				IPHONEOS_DEPLOYMENT_TARGET = 14.0;
				LD_RUNPATH_SEARCH_PATHS = "$(inherited) @loader_path/../Frameworks @loader_path/Frameworks";
				MACOSX_DEPLOYMENT_TARGET = 11.0;
				OTHER_CFLAGS = "$(inherited)";
				OTHER_LDFLAGS = "$(inherited)";
				OTHER_SWIFT_FLAGS = "$(inherited)";
				SWIFT_ACTIVE_COMPILATION_CONDITIONS = "$(inherited)";
				SWIFT_VERSION = 5.0;
				TARGET_NAME = SwissorsTests;
				TVOS_DEPLOYMENT_TARGET = 14.0;
				WATCHOS_DEPLOYMENT_TARGET = 7.0;
			};
			name = Debug;
		};
		OBJ_180 /* Release */ = {
			isa = XCBuildConfiguration;
			buildSettings = {
				CLANG_ENABLE_MODULES = YES;
				CURRENT_PROJECT_VERSION = 1;
				DRIVERKIT_DEPLOYMENT_TARGET = 19.0;
				EMBEDDED_CONTENT_CONTAINS_SWIFT = YES;
				FRAMEWORK_SEARCH_PATHS = (
					"$(inherited)",
					"$(PLATFORM_DIR)/Developer/Library/Frameworks",
				);
				HEADER_SEARCH_PATHS = "$(inherited)";
				INFOPLIST_FILE = Swissors.xcodeproj/SwissorsTests_Info.plist;
				IPHONEOS_DEPLOYMENT_TARGET = 14.0;
				LD_RUNPATH_SEARCH_PATHS = "$(inherited) @loader_path/../Frameworks @loader_path/Frameworks";
				MACOSX_DEPLOYMENT_TARGET = 11.0;
				OTHER_CFLAGS = "$(inherited)";
				OTHER_LDFLAGS = "$(inherited)";
				OTHER_SWIFT_FLAGS = "$(inherited)";
				SWIFT_ACTIVE_COMPILATION_CONDITIONS = "$(inherited)";
				SWIFT_VERSION = 5.0;
				TARGET_NAME = SwissorsTests;
				TVOS_DEPLOYMENT_TARGET = 14.0;
				WATCHOS_DEPLOYMENT_TARGET = 7.0;
			};
			name = Release;
		};
		OBJ_3 /* Debug */ = {
			isa = XCBuildConfiguration;
			buildSettings = {
				CLANG_ENABLE_OBJC_ARC = YES;
				COMBINE_HIDPI_IMAGES = YES;
				COPY_PHASE_STRIP = NO;
				DEBUG_INFORMATION_FORMAT = dwarf;
				DYLIB_INSTALL_NAME_BASE = "@rpath";
				ENABLE_NS_ASSERTIONS = YES;
				GCC_OPTIMIZATION_LEVEL = 0;
				GCC_PREPROCESSOR_DEFINITIONS = (
					"$(inherited)",
					"SWIFT_PACKAGE=1",
					"DEBUG=1",
				);
				MACOSX_DEPLOYMENT_TARGET = 10.10;
				ONLY_ACTIVE_ARCH = YES;
				OTHER_SWIFT_FLAGS = "$(inherited) -DXcode";
				PRODUCT_NAME = "$(TARGET_NAME)";
				SDKROOT = macosx;
				SUPPORTED_PLATFORMS = "$(AVAILABLE_PLATFORMS)";
				SUPPORTS_MACCATALYST = YES;
				SWIFT_ACTIVE_COMPILATION_CONDITIONS = "$(inherited) SWIFT_PACKAGE DEBUG";
				SWIFT_OPTIMIZATION_LEVEL = "-Onone";
				USE_HEADERMAP = NO;
			};
			name = Debug;
		};
		OBJ_4 /* Release */ = {
			isa = XCBuildConfiguration;
			buildSettings = {
				CLANG_ENABLE_OBJC_ARC = YES;
				COMBINE_HIDPI_IMAGES = YES;
				COPY_PHASE_STRIP = YES;
				DEBUG_INFORMATION_FORMAT = "dwarf-with-dsym";
				DYLIB_INSTALL_NAME_BASE = "@rpath";
				GCC_OPTIMIZATION_LEVEL = s;
				GCC_PREPROCESSOR_DEFINITIONS = (
					"$(inherited)",
					"SWIFT_PACKAGE=1",
				);
				MACOSX_DEPLOYMENT_TARGET = 10.10;
				OTHER_SWIFT_FLAGS = "$(inherited) -DXcode";
				PRODUCT_NAME = "$(TARGET_NAME)";
				SDKROOT = macosx;
				SUPPORTED_PLATFORMS = "$(AVAILABLE_PLATFORMS)";
				SUPPORTS_MACCATALYST = YES;
				SWIFT_ACTIVE_COMPILATION_CONDITIONS = "$(inherited) SWIFT_PACKAGE";
				SWIFT_OPTIMIZATION_LEVEL = "-Owholemodule";
				USE_HEADERMAP = NO;
			};
			name = Release;
		};
		OBJ_92 /* Debug */ = {
			isa = XCBuildConfiguration;
			buildSettings = {
				CURRENT_PROJECT_VERSION = 1;
				DRIVERKIT_DEPLOYMENT_TARGET = 19.0;
				ENABLE_TESTABILITY = YES;
				FRAMEWORK_SEARCH_PATHS = (
					"$(inherited)",
					"$(PLATFORM_DIR)/Developer/Library/Frameworks",
				);
				HEADER_SEARCH_PATHS = "$(inherited)";
				INFOPLIST_FILE = Swissors.xcodeproj/BetterCodable_Info.plist;
				IPHONEOS_DEPLOYMENT_TARGET = 10.0;
				LD_RUNPATH_SEARCH_PATHS = "$(inherited) $(TOOLCHAIN_DIR)/usr/lib/swift/macosx";
				MACOSX_DEPLOYMENT_TARGET = 10.12;
				OTHER_CFLAGS = "$(inherited)";
				OTHER_LDFLAGS = "$(inherited)";
				OTHER_SWIFT_FLAGS = "$(inherited)";
				PRODUCT_BUNDLE_IDENTIFIER = BetterCodable;
				PRODUCT_MODULE_NAME = "$(TARGET_NAME:c99extidentifier)";
				PRODUCT_NAME = "$(TARGET_NAME:c99extidentifier)";
				SKIP_INSTALL = YES;
				SWIFT_ACTIVE_COMPILATION_CONDITIONS = "$(inherited)";
				SWIFT_VERSION = 5.0;
				TARGET_NAME = BetterCodable;
				TVOS_DEPLOYMENT_TARGET = 10.0;
				WATCHOS_DEPLOYMENT_TARGET = 3.0;
			};
			name = Debug;
		};
		OBJ_93 /* Release */ = {
			isa = XCBuildConfiguration;
			buildSettings = {
				CURRENT_PROJECT_VERSION = 1;
				DRIVERKIT_DEPLOYMENT_TARGET = 19.0;
				ENABLE_TESTABILITY = YES;
				FRAMEWORK_SEARCH_PATHS = (
					"$(inherited)",
					"$(PLATFORM_DIR)/Developer/Library/Frameworks",
				);
				HEADER_SEARCH_PATHS = "$(inherited)";
				INFOPLIST_FILE = Swissors.xcodeproj/BetterCodable_Info.plist;
				IPHONEOS_DEPLOYMENT_TARGET = 10.0;
				LD_RUNPATH_SEARCH_PATHS = "$(inherited) $(TOOLCHAIN_DIR)/usr/lib/swift/macosx";
				MACOSX_DEPLOYMENT_TARGET = 10.12;
				OTHER_CFLAGS = "$(inherited)";
				OTHER_LDFLAGS = "$(inherited)";
				OTHER_SWIFT_FLAGS = "$(inherited)";
				PRODUCT_BUNDLE_IDENTIFIER = BetterCodable;
				PRODUCT_MODULE_NAME = "$(TARGET_NAME:c99extidentifier)";
				PRODUCT_NAME = "$(TARGET_NAME:c99extidentifier)";
				SKIP_INSTALL = YES;
				SWIFT_ACTIVE_COMPILATION_CONDITIONS = "$(inherited)";
				SWIFT_VERSION = 5.0;
				TARGET_NAME = BetterCodable;
				TVOS_DEPLOYMENT_TARGET = 10.0;
				WATCHOS_DEPLOYMENT_TARGET = 3.0;
			};
			name = Release;
		};
/* End XCBuildConfiguration section */

/* Begin XCConfigurationList section */
		OBJ_114 /* Build configuration list for PBXNativeTarget "BetterCodablePackageDescription" */ = {
			isa = XCConfigurationList;
			buildConfigurations = (
				OBJ_115 /* Debug */,
				OBJ_116 /* Release */,
			);
			defaultConfigurationIsVisible = 0;
			defaultConfigurationName = Release;
		};
		OBJ_120 /* Build configuration list for PBXNativeTarget "Swissors" */ = {
			isa = XCConfigurationList;
			buildConfigurations = (
				OBJ_121 /* Debug */,
				OBJ_122 /* Release */,
			);
			defaultConfigurationIsVisible = 0;
			defaultConfigurationName = Release;
		};
		OBJ_167 /* Build configuration list for PBXNativeTarget "SwissorsPackageDescription" */ = {
			isa = XCConfigurationList;
			buildConfigurations = (
				OBJ_168 /* Debug */,
				OBJ_169 /* Release */,
			);
			defaultConfigurationIsVisible = 0;
			defaultConfigurationName = Release;
		};
		OBJ_173 /* Build configuration list for PBXAggregateTarget "SwissorsPackageTests" */ = {
			isa = XCConfigurationList;
			buildConfigurations = (
				OBJ_174 /* Debug */,
				OBJ_175 /* Release */,
			);
			defaultConfigurationIsVisible = 0;
			defaultConfigurationName = Release;
		};
		OBJ_178 /* Build configuration list for PBXNativeTarget "SwissorsTests" */ = {
			isa = XCConfigurationList;
			buildConfigurations = (
				OBJ_179 /* Debug */,
				OBJ_180 /* Release */,
			);
			defaultConfigurationIsVisible = 0;
			defaultConfigurationName = Release;
		};
		OBJ_2 /* Build configuration list for PBXProject "Swissors" */ = {
			isa = XCConfigurationList;
			buildConfigurations = (
				OBJ_3 /* Debug */,
				OBJ_4 /* Release */,
			);
			defaultConfigurationIsVisible = 0;
			defaultConfigurationName = Release;
		};
		OBJ_91 /* Build configuration list for PBXNativeTarget "BetterCodable" */ = {
			isa = XCConfigurationList;
			buildConfigurations = (
				OBJ_92 /* Debug */,
				OBJ_93 /* Release */,
			);
			defaultConfigurationIsVisible = 0;
			defaultConfigurationName = Release;
		};
/* End XCConfigurationList section */
	};
	rootObject = OBJ_1 /* Project object */;
}
